// !$*UTF8*$!
{
	archiveVersion = 1;
	classes = {
	};
	objectVersion = 50;
	objects = {

/* Begin PBXBuildFile section */
		84EE29A125DE0002005AB0C8 /* FoodieApp.swift in Sources */ = {isa = PBXBuildFile; fileRef = 84EE29A025DE0002005AB0C8 /* FoodieApp.swift */; };
		84EE29A325DE0002005AB0C8 /* ContentView.swift in Sources */ = {isa = PBXBuildFile; fileRef = 84EE29A225DE0002005AB0C8 /* ContentView.swift */; };
		84EE29A525DE0003005AB0C8 /* Assets.xcassets in Resources */ = {isa = PBXBuildFile; fileRef = 84EE29A425DE0003005AB0C8 /* Assets.xcassets */; };
		84EE29A825DE0003005AB0C8 /* Preview Assets.xcassets in Resources */ = {isa = PBXBuildFile; fileRef = 84EE29A725DE0003005AB0C8 /* Preview Assets.xcassets */; };
		84EE29B325DE0003005AB0C8 /* FoodieTests.swift in Sources */ = {isa = PBXBuildFile; fileRef = 84EE29B225DE0003005AB0C8 /* FoodieTests.swift */; };
		84EE29BE25DE0003005AB0C8 /* FoodieUITests.swift in Sources */ = {isa = PBXBuildFile; fileRef = 84EE29BD25DE0003005AB0C8 /* FoodieUITests.swift */; };
		84EE29CF25DE0151005AB0C8 /* Private.swift in Sources */ = {isa = PBXBuildFile; fileRef = 84EE29CE25DE0151005AB0C8 /* Private.swift */; };
		84EE29D525DE0271005AB0C8 /* USDAController.swift in Sources */ = {isa = PBXBuildFile; fileRef = 84EE29D425DE0271005AB0C8 /* USDAController.swift */; };
/* End PBXBuildFile section */

/* Begin PBXContainerItemProxy section */
		84EE29AF25DE0003005AB0C8 /* PBXContainerItemProxy */ = {
			isa = PBXContainerItemProxy;
			containerPortal = 84EE299525DE0002005AB0C8 /* Project object */;
			proxyType = 1;
			remoteGlobalIDString = 84EE299C25DE0002005AB0C8;
			remoteInfo = Foodie;
		};
		84EE29BA25DE0003005AB0C8 /* PBXContainerItemProxy */ = {
			isa = PBXContainerItemProxy;
			containerPortal = 84EE299525DE0002005AB0C8 /* Project object */;
			proxyType = 1;
			remoteGlobalIDString = 84EE299C25DE0002005AB0C8;
			remoteInfo = Foodie;
		};
/* End PBXContainerItemProxy section */

/* Begin PBXFileReference section */
		84EE299D25DE0002005AB0C8 /* Foodie.app */ = {isa = PBXFileReference; explicitFileType = wrapper.application; includeInIndex = 0; path = Foodie.app; sourceTree = BUILT_PRODUCTS_DIR; };
		84EE29A025DE0002005AB0C8 /* FoodieApp.swift */ = {isa = PBXFileReference; lastKnownFileType = sourcecode.swift; path = FoodieApp.swift; sourceTree = "<group>"; };
		84EE29A225DE0002005AB0C8 /* ContentView.swift */ = {isa = PBXFileReference; lastKnownFileType = sourcecode.swift; path = ContentView.swift; sourceTree = "<group>"; };
		84EE29A425DE0003005AB0C8 /* Assets.xcassets */ = {isa = PBXFileReference; lastKnownFileType = folder.assetcatalog; path = Assets.xcassets; sourceTree = "<group>"; };
		84EE29A725DE0003005AB0C8 /* Preview Assets.xcassets */ = {isa = PBXFileReference; lastKnownFileType = folder.assetcatalog; path = "Preview Assets.xcassets"; sourceTree = "<group>"; };
		84EE29A925DE0003005AB0C8 /* Info.plist */ = {isa = PBXFileReference; lastKnownFileType = text.plist.xml; path = Info.plist; sourceTree = "<group>"; };
		84EE29AE25DE0003005AB0C8 /* FoodieTests.xctest */ = {isa = PBXFileReference; explicitFileType = wrapper.cfbundle; includeInIndex = 0; path = FoodieTests.xctest; sourceTree = BUILT_PRODUCTS_DIR; };
		84EE29B225DE0003005AB0C8 /* FoodieTests.swift */ = {isa = PBXFileReference; lastKnownFileType = sourcecode.swift; path = FoodieTests.swift; sourceTree = "<group>"; };
		84EE29B425DE0003005AB0C8 /* Info.plist */ = {isa = PBXFileReference; lastKnownFileType = text.plist.xml; path = Info.plist; sourceTree = "<group>"; };
		84EE29B925DE0003005AB0C8 /* FoodieUITests.xctest */ = {isa = PBXFileReference; explicitFileType = wrapper.cfbundle; includeInIndex = 0; path = FoodieUITests.xctest; sourceTree = BUILT_PRODUCTS_DIR; };
		84EE29BD25DE0003005AB0C8 /* FoodieUITests.swift */ = {isa = PBXFileReference; lastKnownFileType = sourcecode.swift; path = FoodieUITests.swift; sourceTree = "<group>"; };
		84EE29BF25DE0003005AB0C8 /* Info.plist */ = {isa = PBXFileReference; lastKnownFileType = text.plist.xml; path = Info.plist; sourceTree = "<group>"; };
		84EE29CE25DE0151005AB0C8 /* Private.swift */ = {isa = PBXFileReference; lastKnownFileType = sourcecode.swift; path = Private.swift; sourceTree = "<group>"; };
		84EE29D425DE0271005AB0C8 /* USDAController.swift */ = {isa = PBXFileReference; lastKnownFileType = sourcecode.swift; path = USDAController.swift; sourceTree = "<group>"; };
/* End PBXFileReference section */

/* Begin PBXFrameworksBuildPhase section */
		84EE299A25DE0002005AB0C8 /* Frameworks */ = {
			isa = PBXFrameworksBuildPhase;
			buildActionMask = 2147483647;
			files = (
			);
			runOnlyForDeploymentPostprocessing = 0;
		};
		84EE29AB25DE0003005AB0C8 /* Frameworks */ = {
			isa = PBXFrameworksBuildPhase;
			buildActionMask = 2147483647;
			files = (
			);
			runOnlyForDeploymentPostprocessing = 0;
		};
		84EE29B625DE0003005AB0C8 /* Frameworks */ = {
			isa = PBXFrameworksBuildPhase;
			buildActionMask = 2147483647;
			files = (
			);
			runOnlyForDeploymentPostprocessing = 0;
		};
/* End PBXFrameworksBuildPhase section */

/* Begin PBXGroup section */
		84EE299425DE0002005AB0C8 = {
			isa = PBXGroup;
			children = (
				84EE299F25DE0002005AB0C8 /* Foodie */,
				84EE29B125DE0003005AB0C8 /* FoodieTests */,
				84EE29BC25DE0003005AB0C8 /* FoodieUITests */,
				84EE299E25DE0002005AB0C8 /* Products */,
			);
			sourceTree = "<group>";
		};
		84EE299E25DE0002005AB0C8 /* Products */ = {
			isa = PBXGroup;
			children = (
				84EE299D25DE0002005AB0C8 /* Foodie.app */,
				84EE29AE25DE0003005AB0C8 /* FoodieTests.xctest */,
				84EE29B925DE0003005AB0C8 /* FoodieUITests.xctest */,
			);
			name = Products;
			sourceTree = "<group>";
		};
		84EE299F25DE0002005AB0C8 /* Foodie */ = {
			isa = PBXGroup;
			children = (
				84EE29A025DE0002005AB0C8 /* FoodieApp.swift */,
				84EE29A225DE0002005AB0C8 /* ContentView.swift */,
				84EE29CE25DE0151005AB0C8 /* Private.swift */,
				84EE29D325DE0265005AB0C8 /* USDAController */,
				84EE29A425DE0003005AB0C8 /* Assets.xcassets */,
				84EE29A925DE0003005AB0C8 /* Info.plist */,
				84EE29A625DE0003005AB0C8 /* Preview Content */,
			);
			path = Foodie;
			sourceTree = "<group>";
		};
		84EE29A625DE0003005AB0C8 /* Preview Content */ = {
			isa = PBXGroup;
			children = (
				84EE29A725DE0003005AB0C8 /* Preview Assets.xcassets */,
			);
			path = "Preview Content";
			sourceTree = "<group>";
		};
		84EE29B125DE0003005AB0C8 /* FoodieTests */ = {
			isa = PBXGroup;
			children = (
				84EE29B225DE0003005AB0C8 /* FoodieTests.swift */,
				84EE29B425DE0003005AB0C8 /* Info.plist */,
			);
			path = FoodieTests;
			sourceTree = "<group>";
		};
		84EE29BC25DE0003005AB0C8 /* FoodieUITests */ = {
			isa = PBXGroup;
			children = (
				84EE29BD25DE0003005AB0C8 /* FoodieUITests.swift */,
				84EE29BF25DE0003005AB0C8 /* Info.plist */,
			);
			path = FoodieUITests;
			sourceTree = "<group>";
		};
		84EE29D325DE0265005AB0C8 /* USDAController */ = {
			isa = PBXGroup;
			children = (
				84EE29D425DE0271005AB0C8 /* USDAController.swift */,
			);
			path = USDAController;
			sourceTree = "<group>";
		};
/* End PBXGroup section */

/* Begin PBXNativeTarget section */
		84EE299C25DE0002005AB0C8 /* Foodie */ = {
			isa = PBXNativeTarget;
			buildConfigurationList = 84EE29C225DE0003005AB0C8 /* Build configuration list for PBXNativeTarget "Foodie" */;
			buildPhases = (
				84EE299925DE0002005AB0C8 /* Sources */,
				84EE299A25DE0002005AB0C8 /* Frameworks */,
				84EE299B25DE0002005AB0C8 /* Resources */,
			);
			buildRules = (
			);
			dependencies = (
			);
			name = Foodie;
			productName = Foodie;
			productReference = 84EE299D25DE0002005AB0C8 /* Foodie.app */;
			productType = "com.apple.product-type.application";
		};
		84EE29AD25DE0003005AB0C8 /* FoodieTests */ = {
			isa = PBXNativeTarget;
			buildConfigurationList = 84EE29C525DE0003005AB0C8 /* Build configuration list for PBXNativeTarget "FoodieTests" */;
			buildPhases = (
				84EE29AA25DE0003005AB0C8 /* Sources */,
				84EE29AB25DE0003005AB0C8 /* Frameworks */,
				84EE29AC25DE0003005AB0C8 /* Resources */,
			);
			buildRules = (
			);
			dependencies = (
				84EE29B025DE0003005AB0C8 /* PBXTargetDependency */,
			);
			name = FoodieTests;
			productName = FoodieTests;
			productReference = 84EE29AE25DE0003005AB0C8 /* FoodieTests.xctest */;
			productType = "com.apple.product-type.bundle.unit-test";
		};
		84EE29B825DE0003005AB0C8 /* FoodieUITests */ = {
			isa = PBXNativeTarget;
			buildConfigurationList = 84EE29C825DE0003005AB0C8 /* Build configuration list for PBXNativeTarget "FoodieUITests" */;
			buildPhases = (
				84EE29B525DE0003005AB0C8 /* Sources */,
				84EE29B625DE0003005AB0C8 /* Frameworks */,
				84EE29B725DE0003005AB0C8 /* Resources */,
			);
			buildRules = (
			);
			dependencies = (
				84EE29BB25DE0003005AB0C8 /* PBXTargetDependency */,
			);
			name = FoodieUITests;
			productName = FoodieUITests;
			productReference = 84EE29B925DE0003005AB0C8 /* FoodieUITests.xctest */;
			productType = "com.apple.product-type.bundle.ui-testing";
		};
/* End PBXNativeTarget section */

/* Begin PBXProject section */
		84EE299525DE0002005AB0C8 /* Project object */ = {
			isa = PBXProject;
			attributes = {
				LastSwiftUpdateCheck = 1240;
				LastUpgradeCheck = 1240;
				TargetAttributes = {
					84EE299C25DE0002005AB0C8 = {
						CreatedOnToolsVersion = 12.4;
					};
					84EE29AD25DE0003005AB0C8 = {
						CreatedOnToolsVersion = 12.4;
						TestTargetID = 84EE299C25DE0002005AB0C8;
					};
					84EE29B825DE0003005AB0C8 = {
						CreatedOnToolsVersion = 12.4;
						TestTargetID = 84EE299C25DE0002005AB0C8;
					};
				};
			};
			buildConfigurationList = 84EE299825DE0002005AB0C8 /* Build configuration list for PBXProject "Foodie" */;
			compatibilityVersion = "Xcode 9.3";
			developmentRegion = en;
			hasScannedForEncodings = 0;
			knownRegions = (
				en,
				Base,
			);
			mainGroup = 84EE299425DE0002005AB0C8;
			productRefGroup = 84EE299E25DE0002005AB0C8 /* Products */;
			projectDirPath = "";
			projectRoot = "";
			targets = (
				84EE299C25DE0002005AB0C8 /* Foodie */,
				84EE29AD25DE0003005AB0C8 /* FoodieTests */,
				84EE29B825DE0003005AB0C8 /* FoodieUITests */,
			);
		};
/* End PBXProject section */

/* Begin PBXResourcesBuildPhase section */
		84EE299B25DE0002005AB0C8 /* Resources */ = {
			isa = PBXResourcesBuildPhase;
			buildActionMask = 2147483647;
			files = (
				84EE29A825DE0003005AB0C8 /* Preview Assets.xcassets in Resources */,
				84EE29A525DE0003005AB0C8 /* Assets.xcassets in Resources */,
			);
			runOnlyForDeploymentPostprocessing = 0;
		};
		84EE29AC25DE0003005AB0C8 /* Resources */ = {
			isa = PBXResourcesBuildPhase;
			buildActionMask = 2147483647;
			files = (
			);
			runOnlyForDeploymentPostprocessing = 0;
		};
		84EE29B725DE0003005AB0C8 /* Resources */ = {
			isa = PBXResourcesBuildPhase;
			buildActionMask = 2147483647;
			files = (
			);
			runOnlyForDeploymentPostprocessing = 0;
		};
/* End PBXResourcesBuildPhase section */

/* Begin PBXSourcesBuildPhase section */
		84EE299925DE0002005AB0C8 /* Sources */ = {
			isa = PBXSourcesBuildPhase;
			buildActionMask = 2147483647;
			files = (
				84EE29D525DE0271005AB0C8 /* USDAController.swift in Sources */,
				84EE29A325DE0002005AB0C8 /* ContentView.swift in Sources */,
				84EE29A125DE0002005AB0C8 /* FoodieApp.swift in Sources */,
				84EE29CF25DE0151005AB0C8 /* Private.swift in Sources */,
			);
			runOnlyForDeploymentPostprocessing = 0;
		};
		84EE29AA25DE0003005AB0C8 /* Sources */ = {
			isa = PBXSourcesBuildPhase;
			buildActionMask = 2147483647;
			files = (
				84EE29B325DE0003005AB0C8 /* FoodieTests.swift in Sources */,
			);
			runOnlyForDeploymentPostprocessing = 0;
		};
		84EE29B525DE0003005AB0C8 /* Sources */ = {
			isa = PBXSourcesBuildPhase;
			buildActionMask = 2147483647;
			files = (
				84EE29BE25DE0003005AB0C8 /* FoodieUITests.swift in Sources */,
			);
			runOnlyForDeploymentPostprocessing = 0;
		};
/* End PBXSourcesBuildPhase section */

/* Begin PBXTargetDependency section */
		84EE29B025DE0003005AB0C8 /* PBXTargetDependency */ = {
			isa = PBXTargetDependency;
			target = 84EE299C25DE0002005AB0C8 /* Foodie */;
			targetProxy = 84EE29AF25DE0003005AB0C8 /* PBXContainerItemProxy */;
		};
		84EE29BB25DE0003005AB0C8 /* PBXTargetDependency */ = {
			isa = PBXTargetDependency;
			target = 84EE299C25DE0002005AB0C8 /* Foodie */;
			targetProxy = 84EE29BA25DE0003005AB0C8 /* PBXContainerItemProxy */;
		};
/* End PBXTargetDependency section */

/* Begin XCBuildConfiguration section */
		84EE29C025DE0003005AB0C8 /* Debug */ = {
			isa = XCBuildConfiguration;
			buildSettings = {
				ALWAYS_SEARCH_USER_PATHS = NO;
				CLANG_ANALYZER_NONNULL = YES;
				CLANG_ANALYZER_NUMBER_OBJECT_CONVERSION = YES_AGGRESSIVE;
				CLANG_CXX_LANGUAGE_STANDARD = "gnu++14";
				CLANG_CXX_LIBRARY = "libc++";
				CLANG_ENABLE_MODULES = YES;
				CLANG_ENABLE_OBJC_ARC = YES;
				CLANG_ENABLE_OBJC_WEAK = YES;
				CLANG_WARN_BLOCK_CAPTURE_AUTORELEASING = YES;
				CLANG_WARN_BOOL_CONVERSION = YES;
				CLANG_WARN_COMMA = YES;
				CLANG_WARN_CONSTANT_CONVERSION = YES;
				CLANG_WARN_DEPRECATED_OBJC_IMPLEMENTATIONS = YES;
				CLANG_WARN_DIRECT_OBJC_ISA_USAGE = YES_ERROR;
				CLANG_WARN_DOCUMENTATION_COMMENTS = YES;
				CLANG_WARN_EMPTY_BODY = YES;
				CLANG_WARN_ENUM_CONVERSION = YES;
				CLANG_WARN_INFINITE_RECURSION = YES;
				CLANG_WARN_INT_CONVERSION = YES;
				CLANG_WARN_NON_LITERAL_NULL_CONVERSION = YES;
				CLANG_WARN_OBJC_IMPLICIT_RETAIN_SELF = YES;
				CLANG_WARN_OBJC_LITERAL_CONVERSION = YES;
				CLANG_WARN_OBJC_ROOT_CLASS = YES_ERROR;
				CLANG_WARN_QUOTED_INCLUDE_IN_FRAMEWORK_HEADER = YES;
				CLANG_WARN_RANGE_LOOP_ANALYSIS = YES;
				CLANG_WARN_STRICT_PROTOTYPES = YES;
				CLANG_WARN_SUSPICIOUS_MOVE = YES;
				CLANG_WARN_UNGUARDED_AVAILABILITY = YES_AGGRESSIVE;
				CLANG_WARN_UNREACHABLE_CODE = YES;
				CLANG_WARN__DUPLICATE_METHOD_MATCH = YES;
				COPY_PHASE_STRIP = NO;
				DEBUG_INFORMATION_FORMAT = dwarf;
				ENABLE_STRICT_OBJC_MSGSEND = YES;
				ENABLE_TESTABILITY = YES;
				GCC_C_LANGUAGE_STANDARD = gnu11;
				GCC_DYNAMIC_NO_PIC = NO;
				GCC_NO_COMMON_BLOCKS = YES;
				GCC_OPTIMIZATION_LEVEL = 0;
				GCC_PREPROCESSOR_DEFINITIONS = (
					"DEBUG=1",
					"$(inherited)",
				);
				GCC_WARN_64_TO_32_BIT_CONVERSION = YES;
				GCC_WARN_ABOUT_RETURN_TYPE = YES_ERROR;
				GCC_WARN_UNDECLARED_SELECTOR = YES;
				GCC_WARN_UNINITIALIZED_AUTOS = YES_AGGRESSIVE;
				GCC_WARN_UNUSED_FUNCTION = YES;
				GCC_WARN_UNUSED_VARIABLE = YES;
				IPHONEOS_DEPLOYMENT_TARGET = 14.4;
				MTL_ENABLE_DEBUG_INFO = INCLUDE_SOURCE;
				MTL_FAST_MATH = YES;
				ONLY_ACTIVE_ARCH = YES;
				SDKROOT = iphoneos;
				SWIFT_ACTIVE_COMPILATION_CONDITIONS = DEBUG;
				SWIFT_OPTIMIZATION_LEVEL = "-Onone";
			};
			name = Debug;
		};
		84EE29C125DE0003005AB0C8 /* Release */ = {
			isa = XCBuildConfiguration;
			buildSettings = {
				ALWAYS_SEARCH_USER_PATHS = NO;
				CLANG_ANALYZER_NONNULL = YES;
				CLANG_ANALYZER_NUMBER_OBJECT_CONVERSION = YES_AGGRESSIVE;
				CLANG_CXX_LANGUAGE_STANDARD = "gnu++14";
				CLANG_CXX_LIBRARY = "libc++";
				CLANG_ENABLE_MODULES = YES;
				CLANG_ENABLE_OBJC_ARC = YES;
				CLANG_ENABLE_OBJC_WEAK = YES;
				CLANG_WARN_BLOCK_CAPTURE_AUTORELEASING = YES;
				CLANG_WARN_BOOL_CONVERSION = YES;
				CLANG_WARN_COMMA = YES;
				CLANG_WARN_CONSTANT_CONVERSION = YES;
				CLANG_WARN_DEPRECATED_OBJC_IMPLEMENTATIONS = YES;
				CLANG_WARN_DIRECT_OBJC_ISA_USAGE = YES_ERROR;
				CLANG_WARN_DOCUMENTATION_COMMENTS = YES;
				CLANG_WARN_EMPTY_BODY = YES;
				CLANG_WARN_ENUM_CONVERSION = YES;
				CLANG_WARN_INFINITE_RECURSION = YES;
				CLANG_WARN_INT_CONVERSION = YES;
				CLANG_WARN_NON_LITERAL_NULL_CONVERSION = YES;
				CLANG_WARN_OBJC_IMPLICIT_RETAIN_SELF = YES;
				CLANG_WARN_OBJC_LITERAL_CONVERSION = YES;
				CLANG_WARN_OBJC_ROOT_CLASS = YES_ERROR;
				CLANG_WARN_QUOTED_INCLUDE_IN_FRAMEWORK_HEADER = YES;
				CLANG_WARN_RANGE_LOOP_ANALYSIS = YES;
				CLANG_WARN_STRICT_PROTOTYPES = YES;
				CLANG_WARN_SUSPICIOUS_MOVE = YES;
				CLANG_WARN_UNGUARDED_AVAILABILITY = YES_AGGRESSIVE;
				CLANG_WARN_UNREACHABLE_CODE = YES;
				CLANG_WARN__DUPLICATE_METHOD_MATCH = YES;
				COPY_PHASE_STRIP = NO;
				DEBUG_INFORMATION_FORMAT = "dwarf-with-dsym";
				ENABLE_NS_ASSERTIONS = NO;
				ENABLE_STRICT_OBJC_MSGSEND = YES;
				GCC_C_LANGUAGE_STANDARD = gnu11;
				GCC_NO_COMMON_BLOCKS = YES;
				GCC_WARN_64_TO_32_BIT_CONVERSION = YES;
				GCC_WARN_ABOUT_RETURN_TYPE = YES_ERROR;
				GCC_WARN_UNDECLARED_SELECTOR = YES;
				GCC_WARN_UNINITIALIZED_AUTOS = YES_AGGRESSIVE;
				GCC_WARN_UNUSED_FUNCTION = YES;
				GCC_WARN_UNUSED_VARIABLE = YES;
				IPHONEOS_DEPLOYMENT_TARGET = 14.4;
				MTL_ENABLE_DEBUG_INFO = NO;
				MTL_FAST_MATH = YES;
				SDKROOT = iphoneos;
				SWIFT_COMPILATION_MODE = wholemodule;
				SWIFT_OPTIMIZATION_LEVEL = "-O";
				VALIDATE_PRODUCT = YES;
			};
			name = Release;
		};
		84EE29C325DE0003005AB0C8 /* Debug */ = {
			isa = XCBuildConfiguration;
			buildSettings = {
				ASSETCATALOG_COMPILER_APPICON_NAME = AppIcon;
				ASSETCATALOG_COMPILER_GLOBAL_ACCENT_COLOR_NAME = AccentColor;
				CODE_SIGN_STYLE = Automatic;
				DEVELOPMENT_ASSET_PATHS = "\"Foodie/Preview Content\"";
				DEVELOPMENT_TEAM = TBHHC6VWZD;
				ENABLE_PREVIEWS = YES;
				INFOPLIST_FILE = Foodie/Info.plist;
				IPHONEOS_DEPLOYMENT_TARGET = 14.0;
				LD_RUNPATH_SEARCH_PATHS = (
					"$(inherited)",
					"@executable_path/Frameworks",
				);
				PRODUCT_BUNDLE_IDENTIFIER = com.joeydevelops.Foodie;
				PRODUCT_NAME = "$(TARGET_NAME)";
				SWIFT_VERSION = 5.0;
				TARGETED_DEVICE_FAMILY = "1,2";
			};
			name = Debug;
		};
		84EE29C425DE0003005AB0C8 /* Release */ = {
			isa = XCBuildConfiguration;
			buildSettings = {
				ASSETCATALOG_COMPILER_APPICON_NAME = AppIcon;
				ASSETCATALOG_COMPILER_GLOBAL_ACCENT_COLOR_NAME = AccentColor;
				CODE_SIGN_STYLE = Automatic;
				DEVELOPMENT_ASSET_PATHS = "\"Foodie/Preview Content\"";
				DEVELOPMENT_TEAM = TBHHC6VWZD;
				ENABLE_PREVIEWS = YES;
				INFOPLIST_FILE = Foodie/Info.plist;
				IPHONEOS_DEPLOYMENT_TARGET = 14.0;
				LD_RUNPATH_SEARCH_PATHS = (
					"$(inherited)",
					"@executable_path/Frameworks",
				);
				PRODUCT_BUNDLE_IDENTIFIER = com.joeydevelops.Foodie;
				PRODUCT_NAME = "$(TARGET_NAME)";
				SWIFT_VERSION = 5.0;
				TARGETED_DEVICE_FAMILY = "1,2";
			};
			name = Release;
		};
		84EE29C625DE0003005AB0C8 /* Debug */ = {
			isa = XCBuildConfiguration;
			buildSettings = {
				ALWAYS_EMBED_SWIFT_STANDARD_LIBRARIES = YES;
				BUNDLE_LOADER = "$(TEST_HOST)";
				CODE_SIGN_STYLE = Automatic;
				DEVELOPMENT_TEAM = TBHHC6VWZD;
				INFOPLIST_FILE = FoodieTests/Info.plist;
				IPHONEOS_DEPLOYMENT_TARGET = 14.0;
				LD_RUNPATH_SEARCH_PATHS = (
					"$(inherited)",
					"@executable_path/Frameworks",
					"@loader_path/Frameworks",
				);
				PRODUCT_BUNDLE_IDENTIFIER = com.joeydevelops.FoodieTests;
				PRODUCT_NAME = "$(TARGET_NAME)";
				SWIFT_VERSION = 5.0;
				TARGETED_DEVICE_FAMILY = "1,2";
				TEST_HOST = "$(BUILT_PRODUCTS_DIR)/Foodie.app/Foodie";
			};
			name = Debug;
		};
		84EE29C725DE0003005AB0C8 /* Release */ = {
			isa = XCBuildConfiguration;
			buildSettings = {
				ALWAYS_EMBED_SWIFT_STANDARD_LIBRARIES = YES;
				BUNDLE_LOADER = "$(TEST_HOST)";
				CODE_SIGN_STYLE = Automatic;
				DEVELOPMENT_TEAM = TBHHC6VWZD;
				INFOPLIST_FILE = FoodieTests/Info.plist;
				IPHONEOS_DEPLOYMENT_TARGET = 14.0;
				LD_RUNPATH_SEARCH_PATHS = (
					"$(inherited)",
					"@executable_path/Frameworks",
					"@loader_path/Frameworks",
				);
				PRODUCT_BUNDLE_IDENTIFIER = com.joeydevelops.FoodieTests;
				PRODUCT_NAME = "$(TARGET_NAME)";
				SWIFT_VERSION = 5.0;
				TARGETED_DEVICE_FAMILY = "1,2";
				TEST_HOST = "$(BUILT_PRODUCTS_DIR)/Foodie.app/Foodie";
			};
			name = Release;
		};
		84EE29C925DE0003005AB0C8 /* Debug */ = {
			isa = XCBuildConfiguration;
			buildSettings = {
				ALWAYS_EMBED_SWIFT_STANDARD_LIBRARIES = YES;
				CODE_SIGN_STYLE = Automatic;
				DEVELOPMENT_TEAM = TBHHC6VWZD;
				INFOPLIST_FILE = FoodieUITests/Info.plist;
				LD_RUNPATH_SEARCH_PATHS = (
					"$(inherited)",
					"@executable_path/Frameworks",
					"@loader_path/Frameworks",
				);
				PRODUCT_BUNDLE_IDENTIFIER = com.joeydevelops.FoodieUITests;
				PRODUCT_NAME = "$(TARGET_NAME)";
				SWIFT_VERSION = 5.0;
				TARGETED_DEVICE_FAMILY = "1,2";
				TEST_TARGET_NAME = Foodie;
			};
			name = Debug;
		};
		84EE29CA25DE0003005AB0C8 /* Release */ = {
			isa = XCBuildConfiguration;
			buildSettings = {
				ALWAYS_EMBED_SWIFT_STANDARD_LIBRARIES = YES;
				CODE_SIGN_STYLE = Automatic;
				DEVELOPMENT_TEAM = TBHHC6VWZD;
				INFOPLIST_FILE = FoodieUITests/Info.plist;
				LD_RUNPATH_SEARCH_PATHS = (
					"$(inherited)",
					"@executable_path/Frameworks",
					"@loader_path/Frameworks",
				);
				PRODUCT_BUNDLE_IDENTIFIER = com.joeydevelops.FoodieUITests;
				PRODUCT_NAME = "$(TARGET_NAME)";
				SWIFT_VERSION = 5.0;
				TARGETED_DEVICE_FAMILY = "1,2";
				TEST_TARGET_NAME = Foodie;
			};
			name = Release;
		};
/* End XCBuildConfiguration section */

/* Begin XCConfigurationList section */
		84EE299825DE0002005AB0C8 /* Build configuration list for PBXProject "Foodie" */ = {
			isa = XCConfigurationList;
			buildConfigurations = (
				84EE29C025DE0003005AB0C8 /* Debug */,
				84EE29C125DE0003005AB0C8 /* Release */,
			);
			defaultConfigurationIsVisible = 0;
			defaultConfigurationName = Release;
		};
		84EE29C225DE0003005AB0C8 /* Build configuration list for PBXNativeTarget "Foodie" */ = {
			isa = XCConfigurationList;
			buildConfigurations = (
				84EE29C325DE0003005AB0C8 /* Debug */,
				84EE29C425DE0003005AB0C8 /* Release */,
			);
			defaultConfigurationIsVisible = 0;
			defaultConfigurationName = Release;
		};
		84EE29C525DE0003005AB0C8 /* Build configuration list for PBXNativeTarget "FoodieTests" */ = {
			isa = XCConfigurationList;
			buildConfigurations = (
				84EE29C625DE0003005AB0C8 /* Debug */,
				84EE29C725DE0003005AB0C8 /* Release */,
			);
			defaultConfigurationIsVisible = 0;
			defaultConfigurationName = Release;
		};
		84EE29C825DE0003005AB0C8 /* Build configuration list for PBXNativeTarget "FoodieUITests" */ = {
			isa = XCConfigurationList;
			buildConfigurations = (
				84EE29C925DE0003005AB0C8 /* Debug */,
				84EE29CA25DE0003005AB0C8 /* Release */,
			);
			defaultConfigurationIsVisible = 0;
			defaultConfigurationName = Release;
		};
/* End XCConfigurationList section */
	};
	rootObject = 84EE299525DE0002005AB0C8 /* Project object */;
}
